
Microsoft Visual Studio Solution File, Format Version 12.00
# Visual Studio Version 17
VisualStudioVersion = 17.13.35931.197 d17.13
MinimumVisualStudioVersion = 10.0.40219.1
Project("{FAE04EC0-301F-11D3-BF4B-00C04F79EFBC}") = "Lab1_CreatingClasses", "Lab1_CreatingClasses.csproj", "{7352CFF3-0070-4E79-B057-0B93F4A31B8D}"
EndProject
Global
	GlobalSection(SolutionConfigurationPlatforms) = preSolution
		Debug|Any CPU = Debug|Any CPU
		Release|Any CPU = Release|Any CPU
	EndGlobalSection
	GlobalSection(ProjectConfigurationPlatforms) = postSolution
		{7352CFF3-0070-4E79-B057-0B93F4A31B8D}.Debug|Any CPU.ActiveCfg = Debug|Any CPU
		{7352CFF3-0070-4E79-B057-0B93F4A31B8D}.Debug|Any CPU.Build.0 = Debug|Any CPU
		{7352CFF3-0070-4E79-B057-0B93F4A31B8D}.Release|Any CPU.ActiveCfg = Release|Any CPU
		{7352CFF3-0070-4E79-B057-0B93F4A31B8D}.Release|Any CPU.Build.0 = Release|Any CPU
	EndGlobalSection
	GlobalSection(SolutionProperties) = preSolution
		HideSolutionNode = FALSE
	EndGlobalSection
	GlobalSection(ExtensibilityGlobals) = postSolution
		SolutionGuid = {C273C9AB-1775-4EFB-BE83-ABA3D063C5B1}
	EndGlobalSection
EndGlobal
